
Microsoft Visual Studio Solution File, Format Version 12.00
# Visual Studio Version 16
VisualStudioVersion = 16.0.29613.14
MinimumVisualStudioVersion = 15.0.26124.0
Project("{9A19103F-16F7-4668-BE54-9A1E7A4F7556}") = "MercadoAPI", "MercadoAPI\MercadoAPI.csproj", "{E90A05DD-8B9D-430B-AAD7-4E84C39090CB}"
EndProject
Global
	GlobalSection(SolutionConfigurationPlatforms) = preSolution
		Debug|Any CPU = Debug|Any CPU
		Debug|x64 = Debug|x64
		Debug|x86 = Debug|x86
		Release|Any CPU = Release|Any CPU
		Release|x64 = Release|x64
		Release|x86 = Release|x86
	EndGlobalSection
	GlobalSection(ProjectConfigurationPlatforms) = postSolution
		{E90A05DD-8B9D-430B-AAD7-4E84C39090CB}.Debug|Any CPU.ActiveCfg = Debug|Any CPU
		{E90A05DD-8B9D-430B-AAD7-4E84C39090CB}.Debug|Any CPU.Build.0 = Debug|Any CPU
		{E90A05DD-8B9D-430B-AAD7-4E84C39090CB}.Debug|x64.ActiveCfg = Debug|Any CPU
		{E90A05DD-8B9D-430B-AAD7-4E84C39090CB}.Debug|x64.Build.0 = Debug|Any CPU
		{E90A05DD-8B9D-430B-AAD7-4E84C39090CB}.Debug|x86.ActiveCfg = Debug|Any CPU
		{E90A05DD-8B9D-430B-AAD7-4E84C39090CB}.Debug|x86.Build.0 = Debug|Any CPU
		{E90A05DD-8B9D-430B-AAD7-4E84C39090CB}.Release|Any CPU.ActiveCfg = Release|Any CPU
		{E90A05DD-8B9D-430B-AAD7-4E84C39090CB}.Release|Any CPU.Build.0 = Release|Any CPU
		{E90A05DD-8B9D-430B-AAD7-4E84C39090CB}.Release|x64.ActiveCfg = Release|Any CPU
		{E90A05DD-8B9D-430B-AAD7-4E84C39090CB}.Release|x64.Build.0 = Release|Any CPU
		{E90A05DD-8B9D-430B-AAD7-4E84C39090CB}.Release|x86.ActiveCfg = Release|Any CPU
		{E90A05DD-8B9D-430B-AAD7-4E84C39090CB}.Release|x86.Build.0 = Release|Any CPU
	EndGlobalSection
	GlobalSection(SolutionProperties) = preSolution
		HideSolutionNode = FALSE
	EndGlobalSection
	GlobalSection(ExtensibilityGlobals) = postSolution
		SolutionGuid = {93AC63DF-EB18-4735-93C8-8165CAB60023}
	EndGlobalSection
EndGlobal
